// !$*UTF8*$!
{
	archiveVersion = 1;
	classes = {
	};
	objectVersion = 56;
	objects = {

/* Begin PBXBuildFile section */
		B7F119F02CFFE69F0056557B /* Session05bApp.swift in Sources */ = {isa = PBXBuildFile; fileRef = B7F119EF2CFFE69F0056557B /* Session05bApp.swift */; };
		B7F119F22CFFE69F0056557B /* ContentView.swift in Sources */ = {isa = PBXBuildFile; fileRef = B7F119F12CFFE69F0056557B /* ContentView.swift */; };
		B7F119F42CFFE6A00056557B /* Assets.xcassets in Resources */ = {isa = PBXBuildFile; fileRef = B7F119F32CFFE6A00056557B /* Assets.xcassets */; };
		B7F119F72CFFE6A00056557B /* Preview Assets.xcassets in Resources */ = {isa = PBXBuildFile; fileRef = B7F119F62CFFE6A00056557B /* Preview Assets.xcassets */; };
		B7F119FC2CFFE6A00056557B /* Session05b.xcdatamodeld in Sources */ = {isa = PBXBuildFile; fileRef = B7F119FA2CFFE6A00056557B /* Session05b.xcdatamodeld */; };
		B7F11A032CFFEB010056557B /* Persistence.swift in Sources */ = {isa = PBXBuildFile; fileRef = B7F11A022CFFEB010056557B /* Persistence.swift */; };
		B7F11A052CFFF3700056557B /* LibrosView.swift in Sources */ = {isa = PBXBuildFile; fileRef = B7F11A042CFFF3700056557B /* LibrosView.swift */; };
		B7F11A072CFFF38D0056557B /* Escritor.swift in Sources */ = {isa = PBXBuildFile; fileRef = B7F11A062CFFF38D0056557B /* Escritor.swift */; };
/* End PBXBuildFile section */

/* Begin PBXFileReference section */
		B7F119EC2CFFE69F0056557B /* Session05b.app */ = {isa = PBXFileReference; explicitFileType = wrapper.application; includeInIndex = 0; path = Session05b.app; sourceTree = BUILT_PRODUCTS_DIR; };
		B7F119EF2CFFE69F0056557B /* Session05bApp.swift */ = {isa = PBXFileReference; lastKnownFileType = sourcecode.swift; path = Session05bApp.swift; sourceTree = "<group>"; };
		B7F119F12CFFE69F0056557B /* ContentView.swift */ = {isa = PBXFileReference; lastKnownFileType = sourcecode.swift; path = ContentView.swift; sourceTree = "<group>"; };
		B7F119F32CFFE6A00056557B /* Assets.xcassets */ = {isa = PBXFileReference; lastKnownFileType = folder.assetcatalog; path = Assets.xcassets; sourceTree = "<group>"; };
		B7F119F62CFFE6A00056557B /* Preview Assets.xcassets */ = {isa = PBXFileReference; lastKnownFileType = folder.assetcatalog; path = "Preview Assets.xcassets"; sourceTree = "<group>"; };
		B7F119FB2CFFE6A00056557B /* Session05b.xcdatamodel */ = {isa = PBXFileReference; lastKnownFileType = wrapper.xcdatamodel; path = Session05b.xcdatamodel; sourceTree = "<group>"; };
		B7F11A022CFFEB010056557B /* Persistence.swift */ = {isa = PBXFileReference; lastKnownFileType = sourcecode.swift; path = Persistence.swift; sourceTree = "<group>"; };
		B7F11A042CFFF3700056557B /* LibrosView.swift */ = {isa = PBXFileReference; lastKnownFileType = sourcecode.swift; path = LibrosView.swift; sourceTree = "<group>"; };
		B7F11A062CFFF38D0056557B /* Escritor.swift */ = {isa = PBXFileReference; lastKnownFileType = sourcecode.swift; path = Escritor.swift; sourceTree = "<group>"; };
/* End PBXFileReference section */

/* Begin PBXFrameworksBuildPhase section */
		B7F119E92CFFE69F0056557B /* Frameworks */ = {
			isa = PBXFrameworksBuildPhase;
			buildActionMask = 2147483647;
			files = (
			);
			runOnlyForDeploymentPostprocessing = 0;
		};
/* End PBXFrameworksBuildPhase section */

/* Begin PBXGroup section */
		B7F119E32CFFE69F0056557B = {
			isa = PBXGroup;
			children = (
				B7F119EE2CFFE69F0056557B /* Session05b */,
				B7F119ED2CFFE69F0056557B /* Products */,
			);
			sourceTree = "<group>";
		};
		B7F119ED2CFFE69F0056557B /* Products */ = {
			isa = PBXGroup;
			children = (
				B7F119EC2CFFE69F0056557B /* Session05b.app */,
			);
			name = Products;
			sourceTree = "<group>";
		};
		B7F119EE2CFFE69F0056557B /* Session05b */ = {
			isa = PBXGroup;
			children = (
				B7F119EF2CFFE69F0056557B /* Session05bApp.swift */,
				B7F119F12CFFE69F0056557B /* ContentView.swift */,
				B7F119F32CFFE6A00056557B /* Assets.xcassets */,
				B7F119FA2CFFE6A00056557B /* Session05b.xcdatamodeld */,
				B7F119F52CFFE6A00056557B /* Preview Content */,
				B7F11A022CFFEB010056557B /* Persistence.swift */,
				B7F11A042CFFF3700056557B /* LibrosView.swift */,
				B7F11A062CFFF38D0056557B /* Escritor.swift */,
			);
			path = Session05b;
			sourceTree = "<group>";
		};
		B7F119F52CFFE6A00056557B /* Preview Content */ = {
			isa = PBXGroup;
			children = (
				B7F119F62CFFE6A00056557B /* Preview Assets.xcassets */,
			);
			path = "Preview Content";
			sourceTree = "<group>";
		};
/* End PBXGroup section */

/* Begin PBXNativeTarget section */
		B7F119EB2CFFE69F0056557B /* Session05b */ = {
			isa = PBXNativeTarget;
			buildConfigurationList = B7F119FF2CFFE6A00056557B /* Build configuration list for PBXNativeTarget "Session05b" */;
			buildPhases = (
				B7F119E82CFFE69F0056557B /* Sources */,
				B7F119E92CFFE69F0056557B /* Frameworks */,
				B7F119EA2CFFE69F0056557B /* Resources */,
			);
			buildRules = (
			);
			dependencies = (
			);
			name = Session05b;
			productName = Session05b;
			productReference = B7F119EC2CFFE69F0056557B /* Session05b.app */;
			productType = "com.apple.product-type.application";
		};
/* End PBXNativeTarget section */

/* Begin PBXProject section */
		B7F119E42CFFE69F0056557B /* Project object */ = {
			isa = PBXProject;
			attributes = {
				BuildIndependentTargetsInParallel = 1;
				LastSwiftUpdateCheck = 1400;
				LastUpgradeCheck = 1400;
				TargetAttributes = {
					B7F119EB2CFFE69F0056557B = {
						CreatedOnToolsVersion = 14.0;
					};
				};
			};
			buildConfigurationList = B7F119E72CFFE69F0056557B /* Build configuration list for PBXProject "Session05b" */;
			compatibilityVersion = "Xcode 14.0";
			developmentRegion = en;
			hasScannedForEncodings = 0;
			knownRegions = (
				en,
				Base,
			);
			mainGroup = B7F119E32CFFE69F0056557B;
			productRefGroup = B7F119ED2CFFE69F0056557B /* Products */;
			projectDirPath = "";
			projectRoot = "";
			targets = (
				B7F119EB2CFFE69F0056557B /* Session05b */,
			);
		};
/* End PBXProject section */

/* Begin PBXResourcesBuildPhase section */
		B7F119EA2CFFE69F0056557B /* Resources */ = {
			isa = PBXResourcesBuildPhase;
			buildActionMask = 2147483647;
			files = (
				B7F119F72CFFE6A00056557B /* Preview Assets.xcassets in Resources */,
				B7F119F42CFFE6A00056557B /* Assets.xcassets in Resources */,
			);
			runOnlyForDeploymentPostprocessing = 0;
		};
/* End PBXResourcesBuildPhase section */

/* Begin PBXSourcesBuildPhase section */
		B7F119E82CFFE69F0056557B /* Sources */ = {
			isa = PBXSourcesBuildPhase;
			buildActionMask = 2147483647;
			files = (
				B7F11A072CFFF38D0056557B /* Escritor.swift in Sources */,
				B7F119F22CFFE69F0056557B /* ContentView.swift in Sources */,
				B7F11A032CFFEB010056557B /* Persistence.swift in Sources */,
				B7F11A052CFFF3700056557B /* LibrosView.swift in Sources */,
				B7F119FC2CFFE6A00056557B /* Session05b.xcdatamodeld in Sources */,
				B7F119F02CFFE69F0056557B /* Session05bApp.swift in Sources */,
			);
			runOnlyForDeploymentPostprocessing = 0;
		};
/* End PBXSourcesBuildPhase section */

/* Begin XCBuildConfiguration section */
		B7F119FD2CFFE6A00056557B /* Debug */ = {
			isa = XCBuildConfiguration;
			buildSettings = {
				ALWAYS_SEARCH_USER_PATHS = NO;
				CLANG_ANALYZER_NONNULL = YES;
				CLANG_ANALYZER_NUMBER_OBJECT_CONVERSION = YES_AGGRESSIVE;
				CLANG_CXX_LANGUAGE_STANDARD = "gnu++20";
				CLANG_ENABLE_MODULES = YES;
				CLANG_ENABLE_OBJC_ARC = YES;
				CLANG_ENABLE_OBJC_WEAK = YES;
				CLANG_WARN_BLOCK_CAPTURE_AUTORELEASING = YES;
				CLANG_WARN_BOOL_CONVERSION = YES;
				CLANG_WARN_COMMA = YES;
				CLANG_WARN_CONSTANT_CONVERSION = YES;
				CLANG_WARN_DEPRECATED_OBJC_IMPLEMENTATIONS = YES;
				CLANG_WARN_DIRECT_OBJC_ISA_USAGE = YES_ERROR;
				CLANG_WARN_DOCUMENTATION_COMMENTS = YES;
				CLANG_WARN_EMPTY_BODY = YES;
				CLANG_WARN_ENUM_CONVERSION = YES;
				CLANG_WARN_INFINITE_RECURSION = YES;
				CLANG_WARN_INT_CONVERSION = YES;
				CLANG_WARN_NON_LITERAL_NULL_CONVERSION = YES;
				CLANG_WARN_OBJC_IMPLICIT_RETAIN_SELF = YES;
				CLANG_WARN_OBJC_LITERAL_CONVERSION = YES;
				CLANG_WARN_OBJC_ROOT_CLASS = YES_ERROR;
				CLANG_WARN_QUOTED_INCLUDE_IN_FRAMEWORK_HEADER = YES;
				CLANG_WARN_RANGE_LOOP_ANALYSIS = YES;
				CLANG_WARN_STRICT_PROTOTYPES = YES;
				CLANG_WARN_SUSPICIOUS_MOVE = YES;
				CLANG_WARN_UNGUARDED_AVAILABILITY = YES_AGGRESSIVE;
				CLANG_WARN_UNREACHABLE_CODE = YES;
				CLANG_WARN__DUPLICATE_METHOD_MATCH = YES;
				COPY_PHASE_STRIP = NO;
				DEBUG_INFORMATION_FORMAT = dwarf;
				ENABLE_STRICT_OBJC_MSGSEND = YES;
				ENABLE_TESTABILITY = YES;
				GCC_C_LANGUAGE_STANDARD = gnu11;
				GCC_DYNAMIC_NO_PIC = NO;
				GCC_NO_COMMON_BLOCKS = YES;
				GCC_OPTIMIZATION_LEVEL = 0;
				GCC_PREPROCESSOR_DEFINITIONS = (
					"DEBUG=1",
					"$(inherited)",
				);
				GCC_WARN_64_TO_32_BIT_CONVERSION = YES;
				GCC_WARN_ABOUT_RETURN_TYPE = YES_ERROR;
				GCC_WARN_UNDECLARED_SELECTOR = YES;
				GCC_WARN_UNINITIALIZED_AUTOS = YES_AGGRESSIVE;
				GCC_WARN_UNUSED_FUNCTION = YES;
				GCC_WARN_UNUSED_VARIABLE = YES;
				IPHONEOS_DEPLOYMENT_TARGET = 16.0;
				MTL_ENABLE_DEBUG_INFO = INCLUDE_SOURCE;
				MTL_FAST_MATH = YES;
				ONLY_ACTIVE_ARCH = YES;
				SDKROOT = iphoneos;
				SWIFT_ACTIVE_COMPILATION_CONDITIONS = DEBUG;
				SWIFT_OPTIMIZATION_LEVEL = "-Onone";
			};
			name = Debug;
		};
		B7F119FE2CFFE6A00056557B /* Release */ = {
			isa = XCBuildConfiguration;
			buildSettings = {
				ALWAYS_SEARCH_USER_PATHS = NO;
				CLANG_ANALYZER_NONNULL = YES;
				CLANG_ANALYZER_NUMBER_OBJECT_CONVERSION = YES_AGGRESSIVE;
				CLANG_CXX_LANGUAGE_STANDARD = "gnu++20";
				CLANG_ENABLE_MODULES = YES;
				CLANG_ENABLE_OBJC_ARC = YES;
				CLANG_ENABLE_OBJC_WEAK = YES;
				CLANG_WARN_BLOCK_CAPTURE_AUTORELEASING = YES;
				CLANG_WARN_BOOL_CONVERSION = YES;
				CLANG_WARN_COMMA = YES;
				CLANG_WARN_CONSTANT_CONVERSION = YES;
				CLANG_WARN_DEPRECATED_OBJC_IMPLEMENTATIONS = YES;
				CLANG_WARN_DIRECT_OBJC_ISA_USAGE = YES_ERROR;
				CLANG_WARN_DOCUMENTATION_COMMENTS = YES;
				CLANG_WARN_EMPTY_BODY = YES;
				CLANG_WARN_ENUM_CONVERSION = YES;
				CLANG_WARN_INFINITE_RECURSION = YES;
				CLANG_WARN_INT_CONVERSION = YES;
				CLANG_WARN_NON_LITERAL_NULL_CONVERSION = YES;
				CLANG_WARN_OBJC_IMPLICIT_RETAIN_SELF = YES;
				CLANG_WARN_OBJC_LITERAL_CONVERSION = YES;
				CLANG_WARN_OBJC_ROOT_CLASS = YES_ERROR;
				CLANG_WARN_QUOTED_INCLUDE_IN_FRAMEWORK_HEADER = YES;
				CLANG_WARN_RANGE_LOOP_ANALYSIS = YES;
				CLANG_WARN_STRICT_PROTOTYPES = YES;
				CLANG_WARN_SUSPICIOUS_MOVE = YES;
				CLANG_WARN_UNGUARDED_AVAILABILITY = YES_AGGRESSIVE;
				CLANG_WARN_UNREACHABLE_CODE = YES;
				CLANG_WARN__DUPLICATE_METHOD_MATCH = YES;
				COPY_PHASE_STRIP = NO;
				DEBUG_INFORMATION_FORMAT = "dwarf-with-dsym";
				ENABLE_NS_ASSERTIONS = NO;
				ENABLE_STRICT_OBJC_MSGSEND = YES;
				GCC_C_LANGUAGE_STANDARD = gnu11;
				GCC_NO_COMMON_BLOCKS = YES;
				GCC_WARN_64_TO_32_BIT_CONVERSION = YES;
				GCC_WARN_ABOUT_RETURN_TYPE = YES_ERROR;
				GCC_WARN_UNDECLARED_SELECTOR = YES;
				GCC_WARN_UNINITIALIZED_AUTOS = YES_AGGRESSIVE;
				GCC_WARN_UNUSED_FUNCTION = YES;
				GCC_WARN_UNUSED_VARIABLE = YES;
				IPHONEOS_DEPLOYMENT_TARGET = 16.0;
				MTL_ENABLE_DEBUG_INFO = NO;
				MTL_FAST_MATH = YES;
				SDKROOT = iphoneos;
				SWIFT_COMPILATION_MODE = wholemodule;
				SWIFT_OPTIMIZATION_LEVEL = "-O";
				VALIDATE_PRODUCT = YES;
			};
			name = Release;
		};
		B7F11A002CFFE6A00056557B /* Debug */ = {
			isa = XCBuildConfiguration;
			buildSettings = {
				ASSETCATALOG_COMPILER_APPICON_NAME = AppIcon;
				ASSETCATALOG_COMPILER_GLOBAL_ACCENT_COLOR_NAME = AccentColor;
				CODE_SIGN_STYLE = Automatic;
				CURRENT_PROJECT_VERSION = 1;
				DEVELOPMENT_ASSET_PATHS = "\"Session05b/Preview Content\"";
				ENABLE_PREVIEWS = YES;
				GENERATE_INFOPLIST_FILE = YES;
				INFOPLIST_KEY_UIApplicationSceneManifest_Generation = YES;
				INFOPLIST_KEY_UIApplicationSupportsIndirectInputEvents = YES;
				INFOPLIST_KEY_UILaunchScreen_Generation = YES;
				INFOPLIST_KEY_UISupportedInterfaceOrientations_iPad = "UIInterfaceOrientationPortrait UIInterfaceOrientationPortraitUpsideDown UIInterfaceOrientationLandscapeLeft UIInterfaceOrientationLandscapeRight";
				INFOPLIST_KEY_UISupportedInterfaceOrientations_iPhone = "UIInterfaceOrientationPortrait UIInterfaceOrientationLandscapeLeft UIInterfaceOrientationLandscapeRight";
				LD_RUNPATH_SEARCH_PATHS = (
					"$(inherited)",
					"@executable_path/Frameworks",
				);
				MARKETING_VERSION = 1.0;
				PRODUCT_BUNDLE_IDENTIFIER = cibertec.Session05b;
				PRODUCT_NAME = "$(TARGET_NAME)";
				SWIFT_EMIT_LOC_STRINGS = YES;
				SWIFT_VERSION = 5.0;
				TARGETED_DEVICE_FAMILY = "1,2";
			};
			name = Debug;
		};
		B7F11A012CFFE6A00056557B /* Release */ = {
			isa = XCBuildConfiguration;
			buildSettings = {
				ASSETCATALOG_COMPILER_APPICON_NAME = AppIcon;
				ASSETCATALOG_COMPILER_GLOBAL_ACCENT_COLOR_NAME = AccentColor;
				CODE_SIGN_STYLE = Automatic;
				CURRENT_PROJECT_VERSION = 1;
				DEVELOPMENT_ASSET_PATHS = "\"Session05b/Preview Content\"";
				ENABLE_PREVIEWS = YES;
				GENERATE_INFOPLIST_FILE = YES;
				INFOPLIST_KEY_UIApplicationSceneManifest_Generation = YES;
				INFOPLIST_KEY_UIApplicationSupportsIndirectInputEvents = YES;
				INFOPLIST_KEY_UILaunchScreen_Generation = YES;
				INFOPLIST_KEY_UISupportedInterfaceOrientations_iPad = "UIInterfaceOrientationPortrait UIInterfaceOrientationPortraitUpsideDown UIInterfaceOrientationLandscapeLeft UIInterfaceOrientationLandscapeRight";
				INFOPLIST_KEY_UISupportedInterfaceOrientations_iPhone = "UIInterfaceOrientationPortrait UIInterfaceOrientationLandscapeLeft UIInterfaceOrientationLandscapeRight";
				LD_RUNPATH_SEARCH_PATHS = (
					"$(inherited)",
					"@executable_path/Frameworks",
				);
				MARKETING_VERSION = 1.0;
				PRODUCT_BUNDLE_IDENTIFIER = cibertec.Session05b;
				PRODUCT_NAME = "$(TARGET_NAME)";
				SWIFT_EMIT_LOC_STRINGS = YES;
				SWIFT_VERSION = 5.0;
				TARGETED_DEVICE_FAMILY = "1,2";
			};
			name = Release;
		};
/* End XCBuildConfiguration section */

/* Begin XCConfigurationList section */
		B7F119E72CFFE69F0056557B /* Build configuration list for PBXProject "Session05b" */ = {
			isa = XCConfigurationList;
			buildConfigurations = (
				B7F119FD2CFFE6A00056557B /* Debug */,
				B7F119FE2CFFE6A00056557B /* Release */,
			);
			defaultConfigurationIsVisible = 0;
			defaultConfigurationName = Release;
		};
		B7F119FF2CFFE6A00056557B /* Build configuration list for PBXNativeTarget "Session05b" */ = {
			isa = XCConfigurationList;
			buildConfigurations = (
				B7F11A002CFFE6A00056557B /* Debug */,
				B7F11A012CFFE6A00056557B /* Release */,
			);
			defaultConfigurationIsVisible = 0;
			defaultConfigurationName = Release;
		};
/* End XCConfigurationList section */

/* Begin XCVersionGroup section */
		B7F119FA2CFFE6A00056557B /* Session05b.xcdatamodeld */ = {
			isa = XCVersionGroup;
			children = (
				B7F119FB2CFFE6A00056557B /* Session05b.xcdatamodel */,
			);
			currentVersion = B7F119FB2CFFE6A00056557B /* Session05b.xcdatamodel */;
			path = Session05b.xcdatamodeld;
			sourceTree = "<group>";
			versionGroupType = wrapper.xcdatamodel;
		};
/* End XCVersionGroup section */
	};
	rootObject = B7F119E42CFFE69F0056557B /* Project object */;
}
